// !$*UTF8*$!
{
	archiveVersion = 1;
	classes = {
	};
	objectVersion = 50;
	objects = {

/* Begin PBXBuildFile section */
		B60C983021AE974D00D2E0F6 /* LoveFinder.swift in Sources */ = {isa = PBXBuildFile; fileRef = B60C982E21AE974D00D2E0F6 /* LoveFinder.swift */; };
		B60C983121AE974D00D2E0F6 /* LoveFinder.xib in Resources */ = {isa = PBXBuildFile; fileRef = B60C982F21AE974D00D2E0F6 /* LoveFinder.xib */; };
		B6611C2921AE835E007E0BFA /* AppDelegate.swift in Sources */ = {isa = PBXBuildFile; fileRef = B6611C2821AE835E007E0BFA /* AppDelegate.swift */; };
		B6611C2B21AE835E007E0BFA /* ViewController.swift in Sources */ = {isa = PBXBuildFile; fileRef = B6611C2A21AE835E007E0BFA /* ViewController.swift */; };
		B6611C2E21AE835E007E0BFA /* Main.storyboard in Resources */ = {isa = PBXBuildFile; fileRef = B6611C2C21AE835E007E0BFA /* Main.storyboard */; };
		B6611C3021AE835F007E0BFA /* Assets.xcassets in Resources */ = {isa = PBXBuildFile; fileRef = B6611C2F21AE835F007E0BFA /* Assets.xcassets */; };
		B6611C3321AE835F007E0BFA /* LaunchScreen.storyboard in Resources */ = {isa = PBXBuildFile; fileRef = B6611C3121AE835F007E0BFA /* LaunchScreen.storyboard */; };
/* End PBXBuildFile section */

/* Begin PBXFileReference section */
		B60C982E21AE974D00D2E0F6 /* LoveFinder.swift */ = {isa = PBXFileReference; lastKnownFileType = sourcecode.swift; path = LoveFinder.swift; sourceTree = "<group>"; };
		B60C982F21AE974D00D2E0F6 /* LoveFinder.xib */ = {isa = PBXFileReference; lastKnownFileType = file.xib; path = LoveFinder.xib; sourceTree = "<group>"; };
		B6611C2521AE835E007E0BFA /* shengxiao.app */ = {isa = PBXFileReference; explicitFileType = wrapper.application; includeInIndex = 0; path = shengxiao.app; sourceTree = BUILT_PRODUCTS_DIR; };
		B6611C2821AE835E007E0BFA /* AppDelegate.swift */ = {isa = PBXFileReference; lastKnownFileType = sourcecode.swift; path = AppDelegate.swift; sourceTree = "<group>"; };
		B6611C2A21AE835E007E0BFA /* ViewController.swift */ = {isa = PBXFileReference; lastKnownFileType = sourcecode.swift; path = ViewController.swift; sourceTree = "<group>"; };
		B6611C2D21AE835E007E0BFA /* Base */ = {isa = PBXFileReference; lastKnownFileType = file.storyboard; name = Base; path = Base.lproj/Main.storyboard; sourceTree = "<group>"; };
		B6611C2F21AE835F007E0BFA /* Assets.xcassets */ = {isa = PBXFileReference; lastKnownFileType = folder.assetcatalog; path = Assets.xcassets; sourceTree = "<group>"; };
		B6611C3221AE835F007E0BFA /* Base */ = {isa = PBXFileReference; lastKnownFileType = file.storyboard; name = Base; path = Base.lproj/LaunchScreen.storyboard; sourceTree = "<group>"; };
		B6611C3421AE835F007E0BFA /* Info.plist */ = {isa = PBXFileReference; lastKnownFileType = text.plist.xml; path = Info.plist; sourceTree = "<group>"; };
		B6611C3A21AE8FF6007E0BFA /* MyPlayground.playground */ = {isa = PBXFileReference; lastKnownFileType = file.playground; path = MyPlayground.playground; sourceTree = "<group>"; xcLanguageSpecificationIdentifier = xcode.lang.swift; };
/* End PBXFileReference section */

/* Begin PBXFrameworksBuildPhase section */
		B6611C2221AE835E007E0BFA /* Frameworks */ = {
			isa = PBXFrameworksBuildPhase;
			buildActionMask = 2147483647;
			files = (
			);
			runOnlyForDeploymentPostprocessing = 0;
		};
/* End PBXFrameworksBuildPhase section */

/* Begin PBXGroup section */
		B6611C1C21AE835E007E0BFA = {
			isa = PBXGroup;
			children = (
				B6611C2721AE835E007E0BFA /* shengxiao */,
				B6611C2621AE835E007E0BFA /* Products */,
			);
			sourceTree = "<group>";
		};
		B6611C2621AE835E007E0BFA /* Products */ = {
			isa = PBXGroup;
			children = (
				B6611C2521AE835E007E0BFA /* shengxiao.app */,
			);
			name = Products;
			sourceTree = "<group>";
		};
		B6611C2721AE835E007E0BFA /* shengxiao */ = {
			isa = PBXGroup;
			children = (
				B6611C2821AE835E007E0BFA /* AppDelegate.swift */,
				B6611C2A21AE835E007E0BFA /* ViewController.swift */,
				B60C982E21AE974D00D2E0F6 /* LoveFinder.swift */,
				B60C982F21AE974D00D2E0F6 /* LoveFinder.xib */,
				B6611C2C21AE835E007E0BFA /* Main.storyboard */,
				B6611C2F21AE835F007E0BFA /* Assets.xcassets */,
				B6611C3121AE835F007E0BFA /* LaunchScreen.storyboard */,
				B6611C3421AE835F007E0BFA /* Info.plist */,
				B6611C3A21AE8FF6007E0BFA /* MyPlayground.playground */,
			);
			path = shengxiao;
			sourceTree = "<group>";
		};
/* End PBXGroup section */

/* Begin PBXNativeTarget section */
		B6611C2421AE835E007E0BFA /* shengxiao */ = {
			isa = PBXNativeTarget;
			buildConfigurationList = B6611C3721AE835F007E0BFA /* Build configuration list for PBXNativeTarget "shengxiao" */;
			buildPhases = (
				B6611C2121AE835E007E0BFA /* Sources */,
				B6611C2221AE835E007E0BFA /* Frameworks */,
				B6611C2321AE835E007E0BFA /* Resources */,
			);
			buildRules = (
			);
			dependencies = (
			);
			name = shengxiao;
			productName = shengxiao;
			productReference = B6611C2521AE835E007E0BFA /* shengxiao.app */;
			productType = "com.apple.product-type.application";
		};
/* End PBXNativeTarget section */

/* Begin PBXProject section */
		B6611C1D21AE835E007E0BFA /* Project object */ = {
			isa = PBXProject;
			attributes = {
				LastSwiftUpdateCheck = 1010;
				LastUpgradeCheck = 1010;
				ORGANIZATIONNAME = wells;
				TargetAttributes = {
					B6611C2421AE835E007E0BFA = {
						CreatedOnToolsVersion = 10.1;
					};
				};
			};
			buildConfigurationList = B6611C2021AE835E007E0BFA /* Build configuration list for PBXProject "shengxiao" */;
			compatibilityVersion = "Xcode 9.3";
			developmentRegion = en;
			hasScannedForEncodings = 0;
			knownRegions = (
				en,
				Base,
			);
			mainGroup = B6611C1C21AE835E007E0BFA;
			productRefGroup = B6611C2621AE835E007E0BFA /* Products */;
			projectDirPath = "";
			projectRoot = "";
			targets = (
				B6611C2421AE835E007E0BFA /* shengxiao */,
			);
		};
/* End PBXProject section */

/* Begin PBXResourcesBuildPhase section */
		B6611C2321AE835E007E0BFA /* Resources */ = {
			isa = PBXResourcesBuildPhase;
			buildActionMask = 2147483647;
			files = (
				B6611C3321AE835F007E0BFA /* LaunchScreen.storyboard in Resources */,
				B60C983121AE974D00D2E0F6 /* LoveFinder.xib in Resources */,
				B6611C3021AE835F007E0BFA /* Assets.xcassets in Resources */,
				B6611C2E21AE835E007E0BFA /* Main.storyboard in Resources */,
			);
			runOnlyForDeploymentPostprocessing = 0;
		};
/* End PBXResourcesBuildPhase section */

/* Begin PBXSourcesBuildPhase section */
		B6611C2121AE835E007E0BFA /* Sources */ = {
			isa = PBXSourcesBuildPhase;
			buildActionMask = 2147483647;
			files = (
				B60C983021AE974D00D2E0F6 /* LoveFinder.swift in Sources */,
				B6611C2B21AE835E007E0BFA /* ViewController.swift in Sources */,
				B6611C2921AE835E007E0BFA /* AppDelegate.swift in Sources */,
			);
			runOnlyForDeploymentPostprocessing = 0;
		};
/* End PBXSourcesBuildPhase section */

/* Begin PBXVariantGroup section */
		B6611C2C21AE835E007E0BFA /* Main.storyboard */ = {
			isa = PBXVariantGroup;
			children = (
				B6611C2D21AE835E007E0BFA /* Base */,
			);
			name = Main.storyboard;
			sourceTree = "<group>";
		};
		B6611C3121AE835F007E0BFA /* LaunchScreen.storyboard */ = {
			isa = PBXVariantGroup;
			children = (
				B6611C3221AE835F007E0BFA /* Base */,
			);
			name = LaunchScreen.storyboard;
			sourceTree = "<group>";
		};
/* End PBXVariantGroup section */

/* Begin XCBuildConfiguration section */
		B6611C3521AE835F007E0BFA /* Debug */ = {
			isa = XCBuildConfiguration;
			buildSettings = {
				ALWAYS_SEARCH_USER_PATHS = NO;
				CLANG_ANALYZER_NONNULL = YES;
				CLANG_ANALYZER_NUMBER_OBJECT_CONVERSION = YES_AGGRESSIVE;
				CLANG_CXX_LANGUAGE_STANDARD = "gnu++14";
				CLANG_CXX_LIBRARY = "libc++";
				CLANG_ENABLE_MODULES = YES;
				CLANG_ENABLE_OBJC_ARC = YES;
				CLANG_ENABLE_OBJC_WEAK = YES;
				CLANG_WARN_BLOCK_CAPTURE_AUTORELEASING = YES;
				CLANG_WARN_BOOL_CONVERSION = YES;
				CLANG_WARN_COMMA = YES;
				CLANG_WARN_CONSTANT_CONVERSION = YES;
				CLANG_WARN_DEPRECATED_OBJC_IMPLEMENTATIONS = YES;
				CLANG_WARN_DIRECT_OBJC_ISA_USAGE = YES_ERROR;
				CLANG_WARN_DOCUMENTATION_COMMENTS = YES;
				CLANG_WARN_EMPTY_BODY = YES;
				CLANG_WARN_ENUM_CONVERSION = YES;
				CLANG_WARN_INFINITE_RECURSION = YES;
				CLANG_WARN_INT_CONVERSION = YES;
				CLANG_WARN_NON_LITERAL_NULL_CONVERSION = YES;
				CLANG_WARN_OBJC_IMPLICIT_RETAIN_SELF = YES;
				CLANG_WARN_OBJC_LITERAL_CONVERSION = YES;
				CLANG_WARN_OBJC_ROOT_CLASS = YES_ERROR;
				CLANG_WARN_RANGE_LOOP_ANALYSIS = YES;
				CLANG_WARN_STRICT_PROTOTYPES = YES;
				CLANG_WARN_SUSPICIOUS_MOVE = YES;
				CLANG_WARN_UNGUARDED_AVAILABILITY = YES_AGGRESSIVE;
				CLANG_WARN_UNREACHABLE_CODE = YES;
				CLANG_WARN__DUPLICATE_METHOD_MATCH = YES;
				CODE_SIGN_IDENTITY = "iPhone Developer";
				COPY_PHASE_STRIP = NO;
				DEBUG_INFORMATION_FORMAT = dwarf;
				ENABLE_STRICT_OBJC_MSGSEND = YES;
				ENABLE_TESTABILITY = YES;
				GCC_C_LANGUAGE_STANDARD = gnu11;
				GCC_DYNAMIC_NO_PIC = NO;
				GCC_NO_COMMON_BLOCKS = YES;
				GCC_OPTIMIZATION_LEVEL = 0;
				GCC_PREPROCESSOR_DEFINITIONS = (
					"DEBUG=1",
					"$(inherited)",
				);
				GCC_WARN_64_TO_32_BIT_CONVERSION = YES;
				GCC_WARN_ABOUT_RETURN_TYPE = YES_ERROR;
				GCC_WARN_UNDECLARED_SELECTOR = YES;
				GCC_WARN_UNINITIALIZED_AUTOS = YES_AGGRESSIVE;
				GCC_WARN_UNUSED_FUNCTION = YES;
				GCC_WARN_UNUSED_VARIABLE = YES;
				IPHONEOS_DEPLOYMENT_TARGET = 12.1;
				MTL_ENABLE_DEBUG_INFO = INCLUDE_SOURCE;
				MTL_FAST_MATH = YES;
				ONLY_ACTIVE_ARCH = YES;
				SDKROOT = iphoneos;
				SWIFT_ACTIVE_COMPILATION_CONDITIONS = DEBUG;
				SWIFT_OPTIMIZATION_LEVEL = "-Onone";
			};
			name = Debug;
		};
		B6611C3621AE835F007E0BFA /* Release */ = {
			isa = XCBuildConfiguration;
			buildSettings = {
				ALWAYS_SEARCH_USER_PATHS = NO;
				CLANG_ANALYZER_NONNULL = YES;
				CLANG_ANALYZER_NUMBER_OBJECT_CONVERSION = YES_AGGRESSIVE;
				CLANG_CXX_LANGUAGE_STANDARD = "gnu++14";
				CLANG_CXX_LIBRARY = "libc++";
				CLANG_ENABLE_MODULES = YES;
				CLANG_ENABLE_OBJC_ARC = YES;
				CLANG_ENABLE_OBJC_WEAK = YES;
				CLANG_WARN_BLOCK_CAPTURE_AUTORELEASING = YES;
				CLANG_WARN_BOOL_CONVERSION = YES;
				CLANG_WARN_COMMA = YES;
				CLANG_WARN_CONSTANT_CONVERSION = YES;
				CLANG_WARN_DEPRECATED_OBJC_IMPLEMENTATIONS = YES;
				CLANG_WARN_DIRECT_OBJC_ISA_USAGE = YES_ERROR;
				CLANG_WARN_DOCUMENTATION_COMMENTS = YES;
				CLANG_WARN_EMPTY_BODY = YES;
				CLANG_WARN_ENUM_CONVERSION = YES;
				CLANG_WARN_INFINITE_RECURSION = YES;
				CLANG_WARN_INT_CONVERSION = YES;
				CLANG_WARN_NON_LITERAL_NULL_CONVERSION = YES;
				CLANG_WARN_OBJC_IMPLICIT_RETAIN_SELF = YES;
				CLANG_WARN_OBJC_LITERAL_CONVERSION = YES;
				CLANG_WARN_OBJC_ROOT_CLASS = YES_ERROR;
				CLANG_WARN_RANGE_LOOP_ANALYSIS = YES;
				CLANG_WARN_STRICT_PROTOTYPES = YES;
				CLANG_WARN_SUSPICIOUS_MOVE = YES;
				CLANG_WARN_UNGUARDED_AVAILABILITY = YES_AGGRESSIVE;
				CLANG_WARN_UNREACHABLE_CODE = YES;
				CLANG_WARN__DUPLICATE_METHOD_MATCH = YES;
				CODE_SIGN_IDENTITY = "iPhone Developer";
				COPY_PHASE_STRIP = NO;
				DEBUG_INFORMATION_FORMAT = "dwarf-with-dsym";
				ENABLE_NS_ASSERTIONS = NO;
				ENABLE_STRICT_OBJC_MSGSEND = YES;
				GCC_C_LANGUAGE_STANDARD = gnu11;
				GCC_NO_COMMON_BLOCKS = YES;
				GCC_WARN_64_TO_32_BIT_CONVERSION = YES;
				GCC_WARN_ABOUT_RETURN_TYPE = YES_ERROR;
				GCC_WARN_UNDECLARED_SELECTOR = YES;
				GCC_WARN_UNINITIALIZED_AUTOS = YES_AGGRESSIVE;
				GCC_WARN_UNUSED_FUNCTION = YES;
				GCC_WARN_UNUSED_VARIABLE = YES;
				IPHONEOS_DEPLOYMENT_TARGET = 12.1;
				MTL_ENABLE_DEBUG_INFO = NO;
				MTL_FAST_MATH = YES;
				SDKROOT = iphoneos;
				SWIFT_COMPILATION_MODE = wholemodule;
				SWIFT_OPTIMIZATION_LEVEL = "-O";
				VALIDATE_PRODUCT = YES;
			};
			name = Release;
		};
		B6611C3821AE835F007E0BFA /* Debug */ = {
			isa = XCBuildConfiguration;
			buildSettings = {
				ASSETCATALOG_COMPILER_APPICON_NAME = AppIcon;
				CODE_SIGN_STYLE = Manual;
				DEVELOPMENT_TEAM = E6VJ9ZKK6R;
				INFOPLIST_FILE = shengxiao/Info.plist;
				IPHONEOS_DEPLOYMENT_TARGET = 10.0;
				LD_RUNPATH_SEARCH_PATHS = (
					"$(inherited)",
					"@executable_path/Frameworks",
				);
				PRODUCT_BUNDLE_IDENTIFIER = com.test.shengxiao;
				PRODUCT_NAME = "$(TARGET_NAME)";
				PROVISIONING_PROFILE_SPECIFIER = dingAll;
				SWIFT_VERSION = 4.2;
				TARGETED_DEVICE_FAMILY = "1,2";
			};
			name = Debug;
		};
		B6611C3921AE835F007E0BFA /* Release */ = {
			isa = XCBuildConfiguration;
			buildSettings = {
				ASSETCATALOG_COMPILER_APPICON_NAME = AppIcon;
				CODE_SIGN_STYLE = Manual;
				DEVELOPMENT_TEAM = E6VJ9ZKK6R;
				INFOPLIST_FILE = shengxiao/Info.plist;
				IPHONEOS_DEPLOYMENT_TARGET = 10.0;
				LD_RUNPATH_SEARCH_PATHS = (
					"$(inherited)",
					"@executable_path/Frameworks",
				);
				PRODUCT_BUNDLE_IDENTIFIER = com.test.shengxiao;
				PRODUCT_NAME = "$(TARGET_NAME)";
				PROVISIONING_PROFILE_SPECIFIER = dingAll;
				SWIFT_VERSION = 4.2;
				TARGETED_DEVICE_FAMILY = "1,2";
			};
			name = Release;
		};
/* End XCBuildConfiguration section */

/* Begin XCConfigurationList section */
		B6611C2021AE835E007E0BFA /* Build configuration list for PBXProject "shengxiao" */ = {
			isa = XCConfigurationList;
			buildConfigurations = (
				B6611C3521AE835F007E0BFA /* Debug */,
				B6611C3621AE835F007E0BFA /* Release */,
			);
			defaultConfigurationIsVisible = 0;
			defaultConfigurationName = Release;
		};
		B6611C3721AE835F007E0BFA /* Build configuration list for PBXNativeTarget "shengxiao" */ = {
			isa = XCConfigurationList;
			buildConfigurations = (
				B6611C3821AE835F007E0BFA /* Debug */,
				B6611C3921AE835F007E0BFA /* Release */,
			);
			defaultConfigurationIsVisible = 0;
			defaultConfigurationName = Release;
		};
/* End XCConfigurationList section */
	};
	rootObject = B6611C1D21AE835E007E0BFA /* Project object */;
}
